
Microsoft Visual Studio Solution File, Format Version 12.00
# Visual Studio 15
VisualStudioVersion = 15.0.27703.2018
MinimumVisualStudioVersion = 10.0.40219.1
Project("{FAE04EC0-301F-11D3-BF4B-00C04F79EFBC}") = "PasswordAPI.Specflow", "PasswordAPI.Specflow\PasswordAPI.Specflow.csproj", "{F7F60E0E-F33C-4F79-BC97-CC5BCEF74C51}"
EndProject
Project("{2150E333-8FDC-42A3-9474-1A3956D46DE8}") = "Solution Items", "Solution Items", "{B4BAA5B1-E778-40E5-B3F9-AF4771822756}"
	ProjectSection(SolutionItems) = preProject
		readme.md = readme.md
	EndProjectSection
EndProject
Global
	GlobalSection(SolutionConfigurationPlatforms) = preSolution
		Debug|Any CPU = Debug|Any CPU
		Release|Any CPU = Release|Any CPU
	EndGlobalSection
	GlobalSection(ProjectConfigurationPlatforms) = postSolution
		{F7F60E0E-F33C-4F79-BC97-CC5BCEF74C51}.Debug|Any CPU.ActiveCfg = Debug|Any CPU
		{F7F60E0E-F33C-4F79-BC97-CC5BCEF74C51}.Debug|Any CPU.Build.0 = Debug|Any CPU
		{F7F60E0E-F33C-4F79-BC97-CC5BCEF74C51}.Release|Any CPU.ActiveCfg = Release|Any CPU
		{F7F60E0E-F33C-4F79-BC97-CC5BCEF74C51}.Release|Any CPU.Build.0 = Release|Any CPU
	EndGlobalSection
	GlobalSection(SolutionProperties) = preSolution
		HideSolutionNode = FALSE
	EndGlobalSection
	GlobalSection(ExtensibilityGlobals) = postSolution
		SolutionGuid = {2737065F-F42C-4E61-A75B-08959DDEA7E0}
	EndGlobalSection
EndGlobal
